
Microsoft Visual Studio Solution File, Format Version 12.00
# Visual Studio 15
VisualStudioVersion = 15.0.28010.2050
MinimumVisualStudioVersion = 10.0.40219.1
Project("{FAE04EC0-301F-11D3-BF4B-00C04F79EFBC}") = "FunWithEntityFramework", "FunWithEntityFramework\FunWithEntityFramework.csproj", "{CF7D3705-D90A-43A5-8705-F0A238033BAD}"
EndProject
Global
	GlobalSection(SolutionConfigurationPlatforms) = preSolution
		Debug|Any CPU = Debug|Any CPU
		Release|Any CPU = Release|Any CPU
	EndGlobalSection
	GlobalSection(ProjectConfigurationPlatforms) = postSolution
		{CF7D3705-D90A-43A5-8705-F0A238033BAD}.Debug|Any CPU.ActiveCfg = Debug|Any CPU
		{CF7D3705-D90A-43A5-8705-F0A238033BAD}.Debug|Any CPU.Build.0 = Debug|Any CPU
		{CF7D3705-D90A-43A5-8705-F0A238033BAD}.Release|Any CPU.ActiveCfg = Release|Any CPU
		{CF7D3705-D90A-43A5-8705-F0A238033BAD}.Release|Any CPU.Build.0 = Release|Any CPU
	EndGlobalSection
	GlobalSection(SolutionProperties) = preSolution
		HideSolutionNode = FALSE
	EndGlobalSection
	GlobalSection(ExtensibilityGlobals) = postSolution
		SolutionGuid = {DCDC7D0E-3373-4D43-BE5B-A86FA0749518}
	EndGlobalSection
EndGlobal
